// !$*UTF8*$!
{
	archiveVersion = 1;
	classes = {
	};
	objectVersion = 46;
	objects = {

/* Begin PBXBuildFile section */
		750AC4331C8982D100FACB7A /* main.m in Sources */ = {isa = PBXBuildFile; fileRef = 750AC4321C8982D100FACB7A /* main.m */; };
		750AC4361C8982D100FACB7A /* AppDelegate.m in Sources */ = {isa = PBXBuildFile; fileRef = 750AC4351C8982D100FACB7A /* AppDelegate.m */; };
		750AC4391C8982D100FACB7A /* ViewController.m in Sources */ = {isa = PBXBuildFile; fileRef = 750AC4381C8982D100FACB7A /* ViewController.m */; };
		750AC43C1C8982D100FACB7A /* Main.storyboard in Resources */ = {isa = PBXBuildFile; fileRef = 750AC43A1C8982D100FACB7A /* Main.storyboard */; };
		750AC43E1C8982D100FACB7A /* Assets.xcassets in Resources */ = {isa = PBXBuildFile; fileRef = 750AC43D1C8982D100FACB7A /* Assets.xcassets */; };
		750AC4411C8982D100FACB7A /* LaunchScreen.storyboard in Resources */ = {isa = PBXBuildFile; fileRef = 750AC43F1C8982D100FACB7A /* LaunchScreen.storyboard */; };
		750AC44E1C89960600FACB7A /* ZPProgress.m in Sources */ = {isa = PBXBuildFile; fileRef = 750AC44D1C89960600FACB7A /* ZPProgress.m */; };
/* End PBXBuildFile section */

/* Begin PBXFileReference section */
		750AC42E1C8982D100FACB7A /* ZPProgress.app */ = {isa = PBXFileReference; explicitFileType = wrapper.application; includeInIndex = 0; path = ZPProgress.app; sourceTree = BUILT_PRODUCTS_DIR; };
		750AC4321C8982D100FACB7A /* main.m */ = {isa = PBXFileReference; lastKnownFileType = sourcecode.c.objc; path = main.m; sourceTree = "<group>"; };
		750AC4341C8982D100FACB7A /* AppDelegate.h */ = {isa = PBXFileReference; lastKnownFileType = sourcecode.c.h; path = AppDelegate.h; sourceTree = "<group>"; };
		750AC4351C8982D100FACB7A /* AppDelegate.m */ = {isa = PBXFileReference; lastKnownFileType = sourcecode.c.objc; path = AppDelegate.m; sourceTree = "<group>"; };
		750AC4371C8982D100FACB7A /* ViewController.h */ = {isa = PBXFileReference; lastKnownFileType = sourcecode.c.h; path = ViewController.h; sourceTree = "<group>"; };
		750AC4381C8982D100FACB7A /* ViewController.m */ = {isa = PBXFileReference; lastKnownFileType = sourcecode.c.objc; path = ViewController.m; sourceTree = "<group>"; };
		750AC43B1C8982D100FACB7A /* Base */ = {isa = PBXFileReference; lastKnownFileType = file.storyboard; name = Base; path = Base.lproj/Main.storyboard; sourceTree = "<group>"; };
		750AC43D1C8982D100FACB7A /* Assets.xcassets */ = {isa = PBXFileReference; lastKnownFileType = folder.assetcatalog; path = Assets.xcassets; sourceTree = "<group>"; };
		750AC4401C8982D100FACB7A /* Base */ = {isa = PBXFileReference; lastKnownFileType = file.storyboard; name = Base; path = Base.lproj/LaunchScreen.storyboard; sourceTree = "<group>"; };
		750AC4421C8982D100FACB7A /* Info.plist */ = {isa = PBXFileReference; lastKnownFileType = text.plist.xml; path = Info.plist; sourceTree = "<group>"; };
		750AC44C1C89960600FACB7A /* ZPProgress.h */ = {isa = PBXFileReference; fileEncoding = 4; lastKnownFileType = sourcecode.c.h; path = ZPProgress.h; sourceTree = "<group>"; };
		750AC44D1C89960600FACB7A /* ZPProgress.m */ = {isa = PBXFileReference; fileEncoding = 4; lastKnownFileType = sourcecode.c.objc; path = ZPProgress.m; sourceTree = "<group>"; };
/* End PBXFileReference section */

/* Begin PBXFrameworksBuildPhase section */
		750AC42B1C8982D100FACB7A /* Frameworks */ = {
			isa = PBXFrameworksBuildPhase;
			buildActionMask = 2147483647;
			files = (
			);
			runOnlyForDeploymentPostprocessing = 0;
		};
/* End PBXFrameworksBuildPhase section */

/* Begin PBXGroup section */
		750AC4251C8982D100FACB7A = {
			isa = PBXGroup;
			children = (
				750AC4301C8982D100FACB7A /* ZPProgress */,
				750AC42F1C8982D100FACB7A /* Products */,
			);
			sourceTree = "<group>";
		};
		750AC42F1C8982D100FACB7A /* Products */ = {
			isa = PBXGroup;
			children = (
				750AC42E1C8982D100FACB7A /* ZPProgress.app */,
			);
			name = Products;
			sourceTree = "<group>";
		};
		750AC4301C8982D100FACB7A /* ZPProgress */ = {
			isa = PBXGroup;
			children = (
				750AC44B1C8995E100FACB7A /* ZPProgress */,
				750AC4341C8982D100FACB7A /* AppDelegate.h */,
				750AC4351C8982D100FACB7A /* AppDelegate.m */,
				750AC4371C8982D100FACB7A /* ViewController.h */,
				750AC4381C8982D100FACB7A /* ViewController.m */,
				750AC43A1C8982D100FACB7A /* Main.storyboard */,
				750AC43D1C8982D100FACB7A /* Assets.xcassets */,
				750AC43F1C8982D100FACB7A /* LaunchScreen.storyboard */,
				750AC4421C8982D100FACB7A /* Info.plist */,
				750AC4311C8982D100FACB7A /* Supporting Files */,
			);
			path = ZPProgress;
			sourceTree = "<group>";
		};
		750AC4311C8982D100FACB7A /* Supporting Files */ = {
			isa = PBXGroup;
			children = (
				750AC4321C8982D100FACB7A /* main.m */,
			);
			name = "Supporting Files";
			sourceTree = "<group>";
		};
		750AC44B1C8995E100FACB7A /* ZPProgress */ = {
			isa = PBXGroup;
			children = (
				750AC44C1C89960600FACB7A /* ZPProgress.h */,
				750AC44D1C89960600FACB7A /* ZPProgress.m */,
			);
			path = ZPProgress;
			sourceTree = "<group>";
		};
/* End PBXGroup section */

/* Begin PBXNativeTarget section */
		750AC42D1C8982D100FACB7A /* ZPProgress */ = {
			isa = PBXNativeTarget;
			buildConfigurationList = 750AC4451C8982D100FACB7A /* Build configuration list for PBXNativeTarget "ZPProgress" */;
			buildPhases = (
				750AC42A1C8982D100FACB7A /* Sources */,
				750AC42B1C8982D100FACB7A /* Frameworks */,
				750AC42C1C8982D100FACB7A /* Resources */,
			);
			buildRules = (
			);
			dependencies = (
			);
			name = ZPProgress;
			productName = ZPProgress;
			productReference = 750AC42E1C8982D100FACB7A /* ZPProgress.app */;
			productType = "com.apple.product-type.application";
		};
/* End PBXNativeTarget section */

/* Begin PBXProject section */
		750AC4261C8982D100FACB7A /* Project object */ = {
			isa = PBXProject;
			attributes = {
				LastUpgradeCheck = 0720;
				ORGANIZATIONNAME = ZhaoPeng;
				TargetAttributes = {
					750AC42D1C8982D100FACB7A = {
						CreatedOnToolsVersion = 7.2.1;
					};
				};
			};
			buildConfigurationList = 750AC4291C8982D100FACB7A /* Build configuration list for PBXProject "ZPProgress" */;
			compatibilityVersion = "Xcode 3.2";
			developmentRegion = English;
			hasScannedForEncodings = 0;
			knownRegions = (
				en,
				Base,
			);
			mainGroup = 750AC4251C8982D100FACB7A;
			productRefGroup = 750AC42F1C8982D100FACB7A /* Products */;
			projectDirPath = "";
			projectRoot = "";
			targets = (
				750AC42D1C8982D100FACB7A /* ZPProgress */,
			);
		};
/* End PBXProject section */

/* Begin PBXResourcesBuildPhase section */
		750AC42C1C8982D100FACB7A /* Resources */ = {
			isa = PBXResourcesBuildPhase;
			buildActionMask = 2147483647;
			files = (
				750AC4411C8982D100FACB7A /* LaunchScreen.storyboard in Resources */,
				750AC43E1C8982D100FACB7A /* Assets.xcassets in Resources */,
				750AC43C1C8982D100FACB7A /* Main.storyboard in Resources */,
			);
			runOnlyForDeploymentPostprocessing = 0;
		};
/* End PBXResourcesBuildPhase section */

/* Begin PBXSourcesBuildPhase section */
		750AC42A1C8982D100FACB7A /* Sources */ = {
			isa = PBXSourcesBuildPhase;
			buildActionMask = 2147483647;
			files = (
				750AC4391C8982D100FACB7A /* ViewController.m in Sources */,
				750AC4361C8982D100FACB7A /* AppDelegate.m in Sources */,
				750AC4331C8982D100FACB7A /* main.m in Sources */,
				750AC44E1C89960600FACB7A /* ZPProgress.m in Sources */,
			);
			runOnlyForDeploymentPostprocessing = 0;
		};
/* End PBXSourcesBuildPhase section */

/* Begin PBXVariantGroup section */
		750AC43A1C8982D100FACB7A /* Main.storyboard */ = {
			isa = PBXVariantGroup;
			children = (
				750AC43B1C8982D100FACB7A /* Base */,
			);
			name = Main.storyboard;
			sourceTree = "<group>";
		};
		750AC43F1C8982D100FACB7A /* LaunchScreen.storyboard */ = {
			isa = PBXVariantGroup;
			children = (
				750AC4401C8982D100FACB7A /* Base */,
			);
			name = LaunchScreen.storyboard;
			sourceTree = "<group>";
		};
/* End PBXVariantGroup section */

/* Begin XCBuildConfiguration section */
		750AC4431C8982D100FACB7A /* Debug */ = {
			isa = XCBuildConfiguration;
			buildSettings = {
				ALWAYS_SEARCH_USER_PATHS = NO;
				CLANG_CXX_LANGUAGE_STANDARD = "gnu++0x";
				CLANG_CXX_LIBRARY = "libc++";
				CLANG_ENABLE_MODULES = YES;
				CLANG_ENABLE_OBJC_ARC = YES;
				CLANG_WARN_BOOL_CONVERSION = YES;
				CLANG_WARN_CONSTANT_CONVERSION = YES;
				CLANG_WARN_DIRECT_OBJC_ISA_USAGE = YES_ERROR;
				CLANG_WARN_EMPTY_BODY = YES;
				CLANG_WARN_ENUM_CONVERSION = YES;
				CLANG_WARN_INT_CONVERSION = YES;
				CLANG_WARN_OBJC_ROOT_CLASS = YES_ERROR;
				CLANG_WARN_UNREACHABLE_CODE = YES;
				CLANG_WARN__DUPLICATE_METHOD_MATCH = YES;
				"CODE_SIGN_IDENTITY[sdk=iphoneos*]" = "iPhone Developer";
				COPY_PHASE_STRIP = NO;
				DEBUG_INFORMATION_FORMAT = dwarf;
				ENABLE_STRICT_OBJC_MSGSEND = YES;
				ENABLE_TESTABILITY = YES;
				GCC_C_LANGUAGE_STANDARD = gnu99;
				GCC_DYNAMIC_NO_PIC = NO;
				GCC_NO_COMMON_BLOCKS = YES;
				GCC_OPTIMIZATION_LEVEL = 0;
				GCC_PREPROCESSOR_DEFINITIONS = (
					"DEBUG=1",
					"$(inherited)",
				);
				GCC_WARN_64_TO_32_BIT_CONVERSION = YES;
				GCC_WARN_ABOUT_RETURN_TYPE = YES_ERROR;
				GCC_WARN_UNDECLARED_SELECTOR = YES;
				GCC_WARN_UNINITIALIZED_AUTOS = YES_AGGRESSIVE;
				GCC_WARN_UNUSED_FUNCTION = YES;
				GCC_WARN_UNUSED_VARIABLE = YES;
				IPHONEOS_DEPLOYMENT_TARGET = 9.2;
				MTL_ENABLE_DEBUG_INFO = YES;
				ONLY_ACTIVE_ARCH = YES;
				SDKROOT = iphoneos;
			};
			name = Debug;
		};
		750AC4441C8982D100FACB7A /* Release */ = {
			isa = XCBuildConfiguration;
			buildSettings = {
				ALWAYS_SEARCH_USER_PATHS = NO;
				CLANG_CXX_LANGUAGE_STANDARD = "gnu++0x";
				CLANG_CXX_LIBRARY = "libc++";
				CLANG_ENABLE_MODULES = YES;
				CLANG_ENABLE_OBJC_ARC = YES;
				CLANG_WARN_BOOL_CONVERSION = YES;
				CLANG_WARN_CONSTANT_CONVERSION = YES;
				CLANG_WARN_DIRECT_OBJC_ISA_USAGE = YES_ERROR;
				CLANG_WARN_EMPTY_BODY = YES;
				CLANG_WARN_ENUM_CONVERSION = YES;
				CLANG_WARN_INT_CONVERSION = YES;
				CLANG_WARN_OBJC_ROOT_CLASS = YES_ERROR;
				CLANG_WARN_UNREACHABLE_CODE = YES;
				CLANG_WARN__DUPLICATE_METHOD_MATCH = YES;
				"CODE_SIGN_IDENTITY[sdk=iphoneos*]" = "iPhone Developer";
				COPY_PHASE_STRIP = NO;
				DEBUG_INFORMATION_FORMAT = "dwarf-with-dsym";
				ENABLE_NS_ASSERTIONS = NO;
				ENABLE_STRICT_OBJC_MSGSEND = YES;
				GCC_C_LANGUAGE_STANDARD = gnu99;
				GCC_NO_COMMON_BLOCKS = YES;
				GCC_WARN_64_TO_32_BIT_CONVERSION = YES;
				GCC_WARN_ABOUT_RETURN_TYPE = YES_ERROR;
				GCC_WARN_UNDECLARED_SELECTOR = YES;
				GCC_WARN_UNINITIALIZED_AUTOS = YES_AGGRESSIVE;
				GCC_WARN_UNUSED_FUNCTION = YES;
				GCC_WARN_UNUSED_VARIABLE = YES;
				IPHONEOS_DEPLOYMENT_TARGET = 9.2;
				MTL_ENABLE_DEBUG_INFO = NO;
				SDKROOT = iphoneos;
				VALIDATE_PRODUCT = YES;
			};
			name = Release;
		};
		750AC4461C8982D100FACB7A /* Debug */ = {
			isa = XCBuildConfiguration;
			buildSettings = {
				ASSETCATALOG_COMPILER_APPICON_NAME = AppIcon;
				INFOPLIST_FILE = ZPProgress/Info.plist;
				IPHONEOS_DEPLOYMENT_TARGET = 7.0;
				LD_RUNPATH_SEARCH_PATHS = "$(inherited) @executable_path/Frameworks";
				PRODUCT_BUNDLE_IDENTIFIER = com.ZhaoPeng.ZPProgress;
				PRODUCT_NAME = "$(TARGET_NAME)";
			};
			name = Debug;
		};
		750AC4471C8982D100FACB7A /* Release */ = {
			isa = XCBuildConfiguration;
			buildSettings = {
				ASSETCATALOG_COMPILER_APPICON_NAME = AppIcon;
				INFOPLIST_FILE = ZPProgress/Info.plist;
				IPHONEOS_DEPLOYMENT_TARGET = 7.0;
				LD_RUNPATH_SEARCH_PATHS = "$(inherited) @executable_path/Frameworks";
				PRODUCT_BUNDLE_IDENTIFIER = com.ZhaoPeng.ZPProgress;
				PRODUCT_NAME = "$(TARGET_NAME)";
			};
			name = Release;
		};
/* End XCBuildConfiguration section */

/* Begin XCConfigurationList section */
		750AC4291C8982D100FACB7A /* Build configuration list for PBXProject "ZPProgress" */ = {
			isa = XCConfigurationList;
			buildConfigurations = (
				750AC4431C8982D100FACB7A /* Debug */,
				750AC4441C8982D100FACB7A /* Release */,
			);
			defaultConfigurationIsVisible = 0;
			defaultConfigurationName = Release;
		};
		750AC4451C8982D100FACB7A /* Build configuration list for PBXNativeTarget "ZPProgress" */ = {
			isa = XCConfigurationList;
			buildConfigurations = (
				750AC4461C8982D100FACB7A /* Debug */,
				750AC4471C8982D100FACB7A /* Release */,
			);
			defaultConfigurationIsVisible = 0;
		};
/* End XCConfigurationList section */
	};
	rootObject = 750AC4261C8982D100FACB7A /* Project object */;
}
